
Microsoft Visual Studio Solution File, Format Version 12.00
Project("{FAE04EC0-301F-11D3-BF4B-00C04F79EFBC}") = "CountryBlockAPI.Api", "CountryBlockAPI.Api\CountryBlockAPI.Api.csproj", "{3AA1EABC-F9C1-4117-97D7-17D5D3243B0A}"
EndProject
Project("{FAE04EC0-301F-11D3-BF4B-00C04F79EFBC}") = "CountryBlockAPI.Core", "CountryBlockAPI.Core\CountryBlockAPI.Core.csproj", "{2F803B76-2014-4618-A7DB-C7069C04A700}"
EndProject
Project("{FAE04EC0-301F-11D3-BF4B-00C04F79EFBC}") = "CountryBlockAPI.Data", "CountryBlockAPI.Data\CountryBlockAPI.Data.csproj", "{C43E4D2C-2158-49E8-B10E-C7D155D05F79}"
EndProject
Project("{FAE04EC0-301F-11D3-BF4B-00C04F79EFBC}") = "CountryBlockAPI.Infrastructure", "CountryBlockAPI.Infrastructure\CountryBlockAPI.Infrastructure.csproj", "{C0149A50-F409-435C-BBDF-14029D9D8C95}"
EndProject
Project("{FAE04EC0-301F-11D3-BF4B-00C04F79EFBC}") = "CountryBlockAPI.Service", "CountryBlockAPI.Service\CountryBlockAPI.Service.csproj", "{E03B2CFF-C3E8-46CE-A872-231C4914FE20}"
EndProject
Global
	GlobalSection(SolutionConfigurationPlatforms) = preSolution
		Debug|Any CPU = Debug|Any CPU
		Release|Any CPU = Release|Any CPU
	EndGlobalSection
	GlobalSection(ProjectConfigurationPlatforms) = postSolution
		{3AA1EABC-F9C1-4117-97D7-17D5D3243B0A}.Debug|Any CPU.ActiveCfg = Debug|Any CPU
		{3AA1EABC-F9C1-4117-97D7-17D5D3243B0A}.Debug|Any CPU.Build.0 = Debug|Any CPU
		{3AA1EABC-F9C1-4117-97D7-17D5D3243B0A}.Release|Any CPU.ActiveCfg = Release|Any CPU
		{3AA1EABC-F9C1-4117-97D7-17D5D3243B0A}.Release|Any CPU.Build.0 = Release|Any CPU
		{2F803B76-2014-4618-A7DB-C7069C04A700}.Debug|Any CPU.ActiveCfg = Debug|Any CPU
		{2F803B76-2014-4618-A7DB-C7069C04A700}.Debug|Any CPU.Build.0 = Debug|Any CPU
		{2F803B76-2014-4618-A7DB-C7069C04A700}.Release|Any CPU.ActiveCfg = Release|Any CPU
		{2F803B76-2014-4618-A7DB-C7069C04A700}.Release|Any CPU.Build.0 = Release|Any CPU
		{C43E4D2C-2158-49E8-B10E-C7D155D05F79}.Debug|Any CPU.ActiveCfg = Debug|Any CPU
		{C43E4D2C-2158-49E8-B10E-C7D155D05F79}.Debug|Any CPU.Build.0 = Debug|Any CPU
		{C43E4D2C-2158-49E8-B10E-C7D155D05F79}.Release|Any CPU.ActiveCfg = Release|Any CPU
		{C43E4D2C-2158-49E8-B10E-C7D155D05F79}.Release|Any CPU.Build.0 = Release|Any CPU
		{C0149A50-F409-435C-BBDF-14029D9D8C95}.Debug|Any CPU.ActiveCfg = Debug|Any CPU
		{C0149A50-F409-435C-BBDF-14029D9D8C95}.Debug|Any CPU.Build.0 = Debug|Any CPU
		{C0149A50-F409-435C-BBDF-14029D9D8C95}.Release|Any CPU.ActiveCfg = Release|Any CPU
		{C0149A50-F409-435C-BBDF-14029D9D8C95}.Release|Any CPU.Build.0 = Release|Any CPU
		{E03B2CFF-C3E8-46CE-A872-231C4914FE20}.Debug|Any CPU.ActiveCfg = Debug|Any CPU
		{E03B2CFF-C3E8-46CE-A872-231C4914FE20}.Debug|Any CPU.Build.0 = Debug|Any CPU
		{E03B2CFF-C3E8-46CE-A872-231C4914FE20}.Release|Any CPU.ActiveCfg = Release|Any CPU
		{E03B2CFF-C3E8-46CE-A872-231C4914FE20}.Release|Any CPU.Build.0 = Release|Any CPU
	EndGlobalSection
EndGlobal
